
Microsoft Visual Studio Solution File, Format Version 12.00
# Visual Studio Version 17
VisualStudioVersion = 17.5.33516.290
MinimumVisualStudioVersion = 10.0.40219.1
Project("{FAE04EC0-301F-11D3-BF4B-00C04F79EFBC}") = "TemplatedComponentGenericTypedRenderFragment", "TemplatedComponentGenericTypedRenderFragment\TemplatedComponentGenericTypedRenderFragment.csproj", "{86BC4546-2A6C-482F-A564-0472D098509B}"
EndProject
Global
	GlobalSection(SolutionConfigurationPlatforms) = preSolution
		Debug|Any CPU = Debug|Any CPU
		Release|Any CPU = Release|Any CPU
	EndGlobalSection
	GlobalSection(ProjectConfigurationPlatforms) = postSolution
		{86BC4546-2A6C-482F-A564-0472D098509B}.Debug|Any CPU.ActiveCfg = Debug|Any CPU
		{86BC4546-2A6C-482F-A564-0472D098509B}.Debug|Any CPU.Build.0 = Debug|Any CPU
		{86BC4546-2A6C-482F-A564-0472D098509B}.Release|Any CPU.ActiveCfg = Release|Any CPU
		{86BC4546-2A6C-482F-A564-0472D098509B}.Release|Any CPU.Build.0 = Release|Any CPU
	EndGlobalSection
	GlobalSection(SolutionProperties) = preSolution
		HideSolutionNode = FALSE
	EndGlobalSection
	GlobalSection(ExtensibilityGlobals) = postSolution
		SolutionGuid = {05043F57-337B-4BA1-9824-E1D7BA66285C}
	EndGlobalSection
EndGlobal
